
Microsoft Visual Studio Solution File, Format Version 12.00
# Visual Studio Version 17
VisualStudioVersion = 17.4.33205.214
MinimumVisualStudioVersion = 10.0.40219.1
Project("{FAE04EC0-301F-11D3-BF4B-00C04F79EFBC}") = "MVCFirstProject", "MVCFirstProject\MVCFirstProject.csproj", "{58BD601D-C499-4932-9881-AE0F5070D54C}"
EndProject
Global
	GlobalSection(SolutionConfigurationPlatforms) = preSolution
		Debug|Any CPU = Debug|Any CPU
		Release|Any CPU = Release|Any CPU
	EndGlobalSection
	GlobalSection(ProjectConfigurationPlatforms) = postSolution
		{58BD601D-C499-4932-9881-AE0F5070D54C}.Debug|Any CPU.ActiveCfg = Debug|Any CPU
		{58BD601D-C499-4932-9881-AE0F5070D54C}.Debug|Any CPU.Build.0 = Debug|Any CPU
		{58BD601D-C499-4932-9881-AE0F5070D54C}.Release|Any CPU.ActiveCfg = Release|Any CPU
		{58BD601D-C499-4932-9881-AE0F5070D54C}.Release|Any CPU.Build.0 = Release|Any CPU
	EndGlobalSection
	GlobalSection(SolutionProperties) = preSolution
		HideSolutionNode = FALSE
	EndGlobalSection
	GlobalSection(ExtensibilityGlobals) = postSolution
		SolutionGuid = {C25C6D1C-8CDB-47DC-9F24-1602017CAC03}
	EndGlobalSection
EndGlobal
